PODS:
  - Analytics (4.1.3)
  - Expecta (1.0.6)
  - FBSDKCoreKit (9.0.1):
    - FBSDKCoreKit/Basics (= 9.0.1)
    - FBSDKCoreKit/Core (= 9.0.1)
  - FBSDKCoreKit/Basics (9.0.1)
  - FBSDKCoreKit/Core (9.0.1):
    - FBSDKCoreKit/Basics
  - Segment-Facebook-App-Events (2.0.1):
    - Analytics
    - FBSDKCoreKit (~> 9.0)
  - Specta (1.0.7)

DEPENDENCIES:
  - Expecta
  - Segment-Facebook-App-Events (from `../`)
  - Specta

SPEC REPOS:
  trunk:
    - Analytics
    - Expecta
    - FBSDKCoreKit
    - Specta

EXTERNAL SOURCES:
  Segment-Facebook-App-Events:
    :path: "../"

SPEC CHECKSUMS:
  Analytics: 4c01e3e19d4be86705bad6581a1c2aa5a15a9d22
  Expecta: 3b6bd90a64b9a1dcb0b70aa0e10a7f8f631667d5
  FBSDKCoreKit: fada1a6a0076724678993ff05a633848765ff18c
  Segment-Facebook-App-Events: 4e93a16c91809142bce8cb60c34376504e603d54
  Specta: 3e1bd89c3517421982dc4d1c992503e48bd5fe66

PODFILE CHECKSUM: c8ea55925a4f8c6c4bc2e1f8de7af4fd1ee2d29b

COCOAPODS: 1.10.1
