PODS:
  - Analytics (4.0.5)
  - Expecta (1.0.6)
  - FBSDKCoreKit (8.0.0):
    - FBSDKCoreKit/Basics (= 8.0.0)
    - FBSDKCoreKit/Core (= 8.0.0)
  - FBSDKCoreKit/Basics (8.0.0)
  - FBSDKCoreKit/Core (8.0.0):
    - FBSDKCoreKit/Basics
  - Segment-Facebook-App-Events (2.0.1):
    - Analytics
    - FBSDKCoreKit (~> 8.0.0)
  - Specta (1.0.7)

DEPENDENCIES:
  - Expecta
  - Segment-Facebook-App-Events (from `../`)
  - Specta

SPEC REPOS:
  trunk:
    - Analytics
    - Expecta
    - FBSDKCoreKit
    - Specta

EXTERNAL SOURCES:
  Segment-Facebook-App-Events:
    :path: "../"

SPEC CHECKSUMS:
  Analytics: 4bcf052c91e1f3339219e83d6a036fb2bd7c218d
  Expecta: 3b6bd90a64b9a1dcb0b70aa0e10a7f8f631667d5
  FBSDKCoreKit: 9d27fe97a2fa2abe5eeefea8240e837623ab88e0
  Segment-Facebook-App-Events: ffaf4c31017b5d27316f28cb80400125136272cd
  Specta: 3e1bd89c3517421982dc4d1c992503e48bd5fe66

PODFILE CHECKSUM: ccf9279235a5df52d573174e5ce239686ebcaf72

COCOAPODS: 1.9.3
